
Microsoft Visual Studio Solution File, Format Version 12.00
# Visual Studio Version 17
VisualStudioVersion = 17.8.34330.188
MinimumVisualStudioVersion = 10.0.40219.1
Project("{FAE04EC0-301F-11D3-BF4B-00C04F79EFBC}") = "BEE1043", "BEE1043.csproj", "{77740BD7-AC0D-4A89-9CA1-DD9FD3460711}"
EndProject
Global
	GlobalSection(SolutionConfigurationPlatforms) = preSolution
		Debug|Any CPU = Debug|Any CPU
		Release|Any CPU = Release|Any CPU
	EndGlobalSection
	GlobalSection(ProjectConfigurationPlatforms) = postSolution
		{77740BD7-AC0D-4A89-9CA1-DD9FD3460711}.Debug|Any CPU.ActiveCfg = Debug|Any CPU
		{77740BD7-AC0D-4A89-9CA1-DD9FD3460711}.Debug|Any CPU.Build.0 = Debug|Any CPU
		{77740BD7-AC0D-4A89-9CA1-DD9FD3460711}.Release|Any CPU.ActiveCfg = Release|Any CPU
		{77740BD7-AC0D-4A89-9CA1-DD9FD3460711}.Release|Any CPU.Build.0 = Release|Any CPU
	EndGlobalSection
	GlobalSection(SolutionProperties) = preSolution
		HideSolutionNode = FALSE
	EndGlobalSection
	GlobalSection(ExtensibilityGlobals) = postSolution
		SolutionGuid = {B11231BA-62A2-4206-9208-C5B32E8C4C15}
	EndGlobalSection
EndGlobal
