
Microsoft Visual Studio Solution File, Format Version 12.00
# Visual Studio Version 17
VisualStudioVersion = 17.8.34330.188
MinimumVisualStudioVersion = 10.0.40219.1
Project("{FAE04EC0-301F-11D3-BF4B-00C04F79EFBC}") = "BEE1042", "BEE1042.csproj", "{DB60E807-7AEF-4136-B620-BD9FFA72F6FB}"
EndProject
Global
	GlobalSection(SolutionConfigurationPlatforms) = preSolution
		Debug|Any CPU = Debug|Any CPU
		Release|Any CPU = Release|Any CPU
	EndGlobalSection
	GlobalSection(ProjectConfigurationPlatforms) = postSolution
		{DB60E807-7AEF-4136-B620-BD9FFA72F6FB}.Debug|Any CPU.ActiveCfg = Debug|Any CPU
		{DB60E807-7AEF-4136-B620-BD9FFA72F6FB}.Debug|Any CPU.Build.0 = Debug|Any CPU
		{DB60E807-7AEF-4136-B620-BD9FFA72F6FB}.Release|Any CPU.ActiveCfg = Release|Any CPU
		{DB60E807-7AEF-4136-B620-BD9FFA72F6FB}.Release|Any CPU.Build.0 = Release|Any CPU
	EndGlobalSection
	GlobalSection(SolutionProperties) = preSolution
		HideSolutionNode = FALSE
	EndGlobalSection
	GlobalSection(ExtensibilityGlobals) = postSolution
		SolutionGuid = {54A56808-2FD8-4D0E-94CD-EA2A8C327C49}
	EndGlobalSection
EndGlobal
