
Microsoft Visual Studio Solution File, Format Version 12.00
# Visual Studio Version 17
VisualStudioVersion = 17.8.34322.80
MinimumVisualStudioVersion = 10.0.40219.1
Project("{FAE04EC0-301F-11D3-BF4B-00C04F79EFBC}") = "BEE1002", "BEE1002.csproj", "{0776F485-98D2-405C-8266-35A444B4B519}"
EndProject
Global
	GlobalSection(SolutionConfigurationPlatforms) = preSolution
		Debug|Any CPU = Debug|Any CPU
		Release|Any CPU = Release|Any CPU
	EndGlobalSection
	GlobalSection(ProjectConfigurationPlatforms) = postSolution
		{0776F485-98D2-405C-8266-35A444B4B519}.Debug|Any CPU.ActiveCfg = Debug|Any CPU
		{0776F485-98D2-405C-8266-35A444B4B519}.Debug|Any CPU.Build.0 = Debug|Any CPU
		{0776F485-98D2-405C-8266-35A444B4B519}.Release|Any CPU.ActiveCfg = Release|Any CPU
		{0776F485-98D2-405C-8266-35A444B4B519}.Release|Any CPU.Build.0 = Release|Any CPU
	EndGlobalSection
	GlobalSection(SolutionProperties) = preSolution
		HideSolutionNode = FALSE
	EndGlobalSection
	GlobalSection(ExtensibilityGlobals) = postSolution
		SolutionGuid = {DAC63CAA-DFFE-4DF9-BB5D-F1E0C0942EA2}
	EndGlobalSection
EndGlobal
