
Microsoft Visual Studio Solution File, Format Version 12.00
# Visual Studio Version 17
VisualStudioVersion = 17.8.34330.188
MinimumVisualStudioVersion = 10.0.40219.1
Project("{FAE04EC0-301F-11D3-BF4B-00C04F79EFBC}") = "BEE1037", "BEE1037.csproj", "{395E8A5C-AF0C-47B3-9167-D18A893721D5}"
EndProject
Global
	GlobalSection(SolutionConfigurationPlatforms) = preSolution
		Debug|Any CPU = Debug|Any CPU
		Release|Any CPU = Release|Any CPU
	EndGlobalSection
	GlobalSection(ProjectConfigurationPlatforms) = postSolution
		{395E8A5C-AF0C-47B3-9167-D18A893721D5}.Debug|Any CPU.ActiveCfg = Debug|Any CPU
		{395E8A5C-AF0C-47B3-9167-D18A893721D5}.Debug|Any CPU.Build.0 = Debug|Any CPU
		{395E8A5C-AF0C-47B3-9167-D18A893721D5}.Release|Any CPU.ActiveCfg = Release|Any CPU
		{395E8A5C-AF0C-47B3-9167-D18A893721D5}.Release|Any CPU.Build.0 = Release|Any CPU
	EndGlobalSection
	GlobalSection(SolutionProperties) = preSolution
		HideSolutionNode = FALSE
	EndGlobalSection
	GlobalSection(ExtensibilityGlobals) = postSolution
		SolutionGuid = {BE4379A0-1F72-4132-88C7-C45B022875F6}
	EndGlobalSection
EndGlobal
