
Microsoft Visual Studio Solution File, Format Version 12.00
# Visual Studio Version 17
VisualStudioVersion = 17.8.34330.188
MinimumVisualStudioVersion = 10.0.40219.1
Project("{FAE04EC0-301F-11D3-BF4B-00C04F79EFBC}") = "BEE1045", "BEE1045.csproj", "{CF7DAC8F-F680-4C5B-A228-5809198ADDC6}"
EndProject
Global
	GlobalSection(SolutionConfigurationPlatforms) = preSolution
		Debug|Any CPU = Debug|Any CPU
		Release|Any CPU = Release|Any CPU
	EndGlobalSection
	GlobalSection(ProjectConfigurationPlatforms) = postSolution
		{CF7DAC8F-F680-4C5B-A228-5809198ADDC6}.Debug|Any CPU.ActiveCfg = Debug|Any CPU
		{CF7DAC8F-F680-4C5B-A228-5809198ADDC6}.Debug|Any CPU.Build.0 = Debug|Any CPU
		{CF7DAC8F-F680-4C5B-A228-5809198ADDC6}.Release|Any CPU.ActiveCfg = Release|Any CPU
		{CF7DAC8F-F680-4C5B-A228-5809198ADDC6}.Release|Any CPU.Build.0 = Release|Any CPU
	EndGlobalSection
	GlobalSection(SolutionProperties) = preSolution
		HideSolutionNode = FALSE
	EndGlobalSection
	GlobalSection(ExtensibilityGlobals) = postSolution
		SolutionGuid = {314DA2B8-1025-445D-AB53-624F4622251E}
	EndGlobalSection
EndGlobal
