
Microsoft Visual Studio Solution File, Format Version 12.00
# Visual Studio Version 17
VisualStudioVersion = 17.8.34322.80
MinimumVisualStudioVersion = 10.0.40219.1
Project("{FAE04EC0-301F-11D3-BF4B-00C04F79EFBC}") = "BEE1019", "BEE1019.csproj", "{52BA619A-D4BE-4E8A-BC70-B075AB34DC02}"
EndProject
Global
	GlobalSection(SolutionConfigurationPlatforms) = preSolution
		Debug|Any CPU = Debug|Any CPU
		Release|Any CPU = Release|Any CPU
	EndGlobalSection
	GlobalSection(ProjectConfigurationPlatforms) = postSolution
		{52BA619A-D4BE-4E8A-BC70-B075AB34DC02}.Debug|Any CPU.ActiveCfg = Debug|Any CPU
		{52BA619A-D4BE-4E8A-BC70-B075AB34DC02}.Debug|Any CPU.Build.0 = Debug|Any CPU
		{52BA619A-D4BE-4E8A-BC70-B075AB34DC02}.Release|Any CPU.ActiveCfg = Release|Any CPU
		{52BA619A-D4BE-4E8A-BC70-B075AB34DC02}.Release|Any CPU.Build.0 = Release|Any CPU
	EndGlobalSection
	GlobalSection(SolutionProperties) = preSolution
		HideSolutionNode = FALSE
	EndGlobalSection
	GlobalSection(ExtensibilityGlobals) = postSolution
		SolutionGuid = {DCC456D9-8FD4-4C4F-9D12-B4569CE1CDBD}
	EndGlobalSection
EndGlobal
