
Microsoft Visual Studio Solution File, Format Version 12.00
# Visual Studio Version 17
VisualStudioVersion = 17.8.34322.80
MinimumVisualStudioVersion = 10.0.40219.1
Project("{FAE04EC0-301F-11D3-BF4B-00C04F79EFBC}") = "BEE1008", "BEE1008.csproj", "{883F7A68-C74E-4225-A4AC-9A573C6D18EB}"
EndProject
Global
	GlobalSection(SolutionConfigurationPlatforms) = preSolution
		Debug|Any CPU = Debug|Any CPU
		Release|Any CPU = Release|Any CPU
	EndGlobalSection
	GlobalSection(ProjectConfigurationPlatforms) = postSolution
		{883F7A68-C74E-4225-A4AC-9A573C6D18EB}.Debug|Any CPU.ActiveCfg = Debug|Any CPU
		{883F7A68-C74E-4225-A4AC-9A573C6D18EB}.Debug|Any CPU.Build.0 = Debug|Any CPU
		{883F7A68-C74E-4225-A4AC-9A573C6D18EB}.Release|Any CPU.ActiveCfg = Release|Any CPU
		{883F7A68-C74E-4225-A4AC-9A573C6D18EB}.Release|Any CPU.Build.0 = Release|Any CPU
	EndGlobalSection
	GlobalSection(SolutionProperties) = preSolution
		HideSolutionNode = FALSE
	EndGlobalSection
	GlobalSection(ExtensibilityGlobals) = postSolution
		SolutionGuid = {6C40AD22-BF14-4C10-865B-105C64AB74DF}
	EndGlobalSection
EndGlobal
